
Microsoft Visual Studio Solution File, Format Version 12.00
# Visual Studio Version 17
VisualStudioVersion = 17.0.31903.59
MinimumVisualStudioVersion = 10.0.40219.1
Project("{FAE04EC0-301F-11D3-BF4B-00C04F79EFBC}") = "API", "API\API.csproj", "{3720212E-F64F-4F3A-8D4B-B5845725A4B5}"
EndProject
Project("{FAE04EC0-301F-11D3-BF4B-00C04F79EFBC}") = "Application", "Application\Application.csproj", "{5702A283-E9A0-4EDB-8C2B-5596DCB88D14}"
EndProject
Project("{FAE04EC0-301F-11D3-BF4B-00C04F79EFBC}") = "Domain", "Domain\Domain.csproj", "{7D0A5E8B-BF94-4603-9094-A214436891AF}"
EndProject
Project("{FAE04EC0-301F-11D3-BF4B-00C04F79EFBC}") = "Persistence", "Persistence\Persistence.csproj", "{39350B18-670C-464E-B283-E31AA5EB0D5A}"
EndProject
Global
	GlobalSection(SolutionConfigurationPlatforms) = preSolution
		Debug|Any CPU = Debug|Any CPU
		Release|Any CPU = Release|Any CPU
	EndGlobalSection
	GlobalSection(SolutionProperties) = preSolution
		HideSolutionNode = FALSE
	EndGlobalSection
	GlobalSection(ProjectConfigurationPlatforms) = postSolution
		{3720212E-F64F-4F3A-8D4B-B5845725A4B5}.Debug|Any CPU.ActiveCfg = Debug|Any CPU
		{3720212E-F64F-4F3A-8D4B-B5845725A4B5}.Debug|Any CPU.Build.0 = Debug|Any CPU
		{3720212E-F64F-4F3A-8D4B-B5845725A4B5}.Release|Any CPU.ActiveCfg = Release|Any CPU
		{3720212E-F64F-4F3A-8D4B-B5845725A4B5}.Release|Any CPU.Build.0 = Release|Any CPU
		{5702A283-E9A0-4EDB-8C2B-5596DCB88D14}.Debug|Any CPU.ActiveCfg = Debug|Any CPU
		{5702A283-E9A0-4EDB-8C2B-5596DCB88D14}.Debug|Any CPU.Build.0 = Debug|Any CPU
		{5702A283-E9A0-4EDB-8C2B-5596DCB88D14}.Release|Any CPU.ActiveCfg = Release|Any CPU
		{5702A283-E9A0-4EDB-8C2B-5596DCB88D14}.Release|Any CPU.Build.0 = Release|Any CPU
		{7D0A5E8B-BF94-4603-9094-A214436891AF}.Debug|Any CPU.ActiveCfg = Debug|Any CPU
		{7D0A5E8B-BF94-4603-9094-A214436891AF}.Debug|Any CPU.Build.0 = Debug|Any CPU
		{7D0A5E8B-BF94-4603-9094-A214436891AF}.Release|Any CPU.ActiveCfg = Release|Any CPU
		{7D0A5E8B-BF94-4603-9094-A214436891AF}.Release|Any CPU.Build.0 = Release|Any CPU
		{39350B18-670C-464E-B283-E31AA5EB0D5A}.Debug|Any CPU.ActiveCfg = Debug|Any CPU
		{39350B18-670C-464E-B283-E31AA5EB0D5A}.Debug|Any CPU.Build.0 = Debug|Any CPU
		{39350B18-670C-464E-B283-E31AA5EB0D5A}.Release|Any CPU.ActiveCfg = Release|Any CPU
		{39350B18-670C-464E-B283-E31AA5EB0D5A}.Release|Any CPU.Build.0 = Release|Any CPU
	EndGlobalSection
EndGlobal
